
Microsoft Visual Studio Solution File, Format Version 12.00
# Visual Studio Version 17
VisualStudioVersion = 17.9.34701.34
MinimumVisualStudioVersion = 10.0.40219.1
Project("{FAE04EC0-301F-11D3-BF4B-00C04F79EFBC}") = "Login Form1", "Login Form1\Login Form1.csproj", "{CA8C4C6D-20E9-44D4-8B8D-BF5EC031109B}"
EndProject
Global
	GlobalSection(SolutionConfigurationPlatforms) = preSolution
		Debug|Any CPU = Debug|Any CPU
		Release|Any CPU = Release|Any CPU
	EndGlobalSection
	GlobalSection(ProjectConfigurationPlatforms) = postSolution
		{CA8C4C6D-20E9-44D4-8B8D-BF5EC031109B}.Debug|Any CPU.ActiveCfg = Debug|Any CPU
		{CA8C4C6D-20E9-44D4-8B8D-BF5EC031109B}.Debug|Any CPU.Build.0 = Debug|Any CPU
		{CA8C4C6D-20E9-44D4-8B8D-BF5EC031109B}.Release|Any CPU.ActiveCfg = Release|Any CPU
		{CA8C4C6D-20E9-44D4-8B8D-BF5EC031109B}.Release|Any CPU.Build.0 = Release|Any CPU
	EndGlobalSection
	GlobalSection(SolutionProperties) = preSolution
		HideSolutionNode = FALSE
	EndGlobalSection
	GlobalSection(ExtensibilityGlobals) = postSolution
		SolutionGuid = {FB65FF01-A567-4906-86F7-3D7C4A05615F}
	EndGlobalSection
EndGlobal
